
Microsoft Visual Studio Solution File, Format Version 12.00
# Visual Studio Version 16
VisualStudioVersion = 16.0.31624.102
MinimumVisualStudioVersion = 10.0.40219.1
Project("{9A19103F-16F7-4668-BE54-9A1E7A4F7556}") = "OPT.Entities", "OPT.Entities\OPT.Entities.csproj", "{98814F0B-8117-4802-A769-CA2A1DB1FEB0}"
EndProject
Project("{FAE04EC0-301F-11D3-BF4B-00C04F79EFBC}") = "OPT.UnitTests", "OPT.UnitTests\OPT.UnitTests.csproj", "{9F299D50-FC2E-4436-86E8-DBA7384F7F75}"
EndProject
Project("{9A19103F-16F7-4668-BE54-9A1E7A4F7556}") = "OPT.Business", "OPT.Business\OPT.Business.csproj", "{D6991B5B-5AED-4124-9C2A-2AA31CF53741}"
EndProject
Global
	GlobalSection(SolutionConfigurationPlatforms) = preSolution
		Debug|Any CPU = Debug|Any CPU
		Release|Any CPU = Release|Any CPU
	EndGlobalSection
	GlobalSection(ProjectConfigurationPlatforms) = postSolution
		{98814F0B-8117-4802-A769-CA2A1DB1FEB0}.Debug|Any CPU.ActiveCfg = Debug|Any CPU
		{98814F0B-8117-4802-A769-CA2A1DB1FEB0}.Debug|Any CPU.Build.0 = Debug|Any CPU
		{98814F0B-8117-4802-A769-CA2A1DB1FEB0}.Release|Any CPU.ActiveCfg = Release|Any CPU
		{98814F0B-8117-4802-A769-CA2A1DB1FEB0}.Release|Any CPU.Build.0 = Release|Any CPU
		{9F299D50-FC2E-4436-86E8-DBA7384F7F75}.Debug|Any CPU.ActiveCfg = Debug|Any CPU
		{9F299D50-FC2E-4436-86E8-DBA7384F7F75}.Debug|Any CPU.Build.0 = Debug|Any CPU
		{9F299D50-FC2E-4436-86E8-DBA7384F7F75}.Release|Any CPU.ActiveCfg = Release|Any CPU
		{9F299D50-FC2E-4436-86E8-DBA7384F7F75}.Release|Any CPU.Build.0 = Release|Any CPU
		{D6991B5B-5AED-4124-9C2A-2AA31CF53741}.Debug|Any CPU.ActiveCfg = Debug|Any CPU
		{D6991B5B-5AED-4124-9C2A-2AA31CF53741}.Debug|Any CPU.Build.0 = Debug|Any CPU
		{D6991B5B-5AED-4124-9C2A-2AA31CF53741}.Release|Any CPU.ActiveCfg = Release|Any CPU
		{D6991B5B-5AED-4124-9C2A-2AA31CF53741}.Release|Any CPU.Build.0 = Release|Any CPU
	EndGlobalSection
	GlobalSection(SolutionProperties) = preSolution
		HideSolutionNode = FALSE
	EndGlobalSection
	GlobalSection(ExtensibilityGlobals) = postSolution
		SolutionGuid = {20E17B9A-DF80-4C07-BD48-B641C98E173C}
	EndGlobalSection
EndGlobal
